uuid: 81336f3d-717c-4b0a-a532-b0fa77ae3ee7
langcode: en
status: true
dependencies:
  config:
    - views.view.saved_search_detail
  module:
    - ctools
    - views
  theme:
    - valeo_classic
id: views_block__saved_search_detail_saved_search_detail_block
theme: valeo_classic
region: content
weight: -4
provider: null
plugin: 'views_block:saved_search_detail-saved_search_detail_block'
settings:
  id: 'views_block:saved_search_detail-saved_search_detail_block'
  label: ''
  provider: views
  label_display: '0'
  views_label: ''
  items_per_page: none
  context_mapping: {  }
visibility:
  'entity_bundle:node':
    id: 'entity_bundle:node'
    bundles:
      vp_type_saved_search: vp_type_saved_search
    negate: false
    context_mapping:
      node: '@node.node_route_context:node'
