uuid: 3cc87986-d69d-458f-9a21-50d2948cfc64
langcode: en
status: true
dependencies:
  config:
    - views.view.firm_history
  module:
    - ctools
    - views
  theme:
    - valeo_classic
id: views_block__firm_history_employment_history_block
theme: valeo_classic
region: content
weight: -4
provider: null
plugin: 'views_block:firm_history-employment_history_block'
settings:
  id: 'views_block:firm_history-employment_history_block'
  label: ''
  provider: views
  label_display: '0'
  views_label: ''
  items_per_page: none
  context_mapping: {  }
visibility:
  'entity_bundle:node':
    id: 'entity_bundle:node'
    bundles:
      vp_type_firm: vp_type_firm
    negate: false
    context_mapping:
      node: '@node.node_route_context:node'
