uuid: c8e387d8-41b4-4691-aa52-3ecf48c66f9b
langcode: en
status: true
dependencies:
  config:
    - views.view.filing_history
  module:
    - ctools
    - system
    - views
  theme:
    - valeo_classic
id: views_block__filing_history_rates_for_filing_block
theme: valeo_classic
region: content
weight: -5
provider: null
plugin: 'views_block:filing_history-rates_for_filing_block'
settings:
  id: 'views_block:filing_history-rates_for_filing_block'
  label: ''
  provider: views
  label_display: '0'
  views_label: ''
  items_per_page: none
  context_mapping: {  }
visibility:
  'entity_bundle:node':
    id: 'entity_bundle:node'
    bundles:
      vp_type_filing: vp_type_filing
    negate: false
    context_mapping:
      node: '@node.node_route_context:node'
  request_path:
    id: request_path
    pages: "*/edit\r\n*/add/*"
    negate: true
    context_mapping: {  }
